// !$*UTF8*$!
{
	archiveVersion = 1;
	classes = {
	};
	objectVersion = 48;
	objects = {

/* Begin PBXBuildFile section */
		1236A11D37906FE9351A32A7 /* Pods_MyTwitter.framework in Frameworks */ = {isa = PBXBuildFile; fileRef = CE036FF637CEB31DCC649811 /* Pods_MyTwitter.framework */; };
		25895C513C5B4C981C3CBB34 /* Pods_MyTwitterUITests.framework in Frameworks */ = {isa = PBXBuildFile; fileRef = 0BF0F6CC1A62E6EA78A8F347 /* Pods_MyTwitterUITests.framework */; };
		CA9522DA1F5D535600AB1183 /* AppDelegate.swift in Sources */ = {isa = PBXBuildFile; fileRef = CA9522D91F5D535600AB1183 /* AppDelegate.swift */; };
		CA9522DC1F5D535600AB1183 /* ViewController.swift in Sources */ = {isa = PBXBuildFile; fileRef = CA9522DB1F5D535600AB1183 /* ViewController.swift */; };
		CA9522DF1F5D535600AB1183 /* Main.storyboard in Resources */ = {isa = PBXBuildFile; fileRef = CA9522DD1F5D535600AB1183 /* Main.storyboard */; };
		CA9522E11F5D535600AB1183 /* Assets.xcassets in Resources */ = {isa = PBXBuildFile; fileRef = CA9522E01F5D535600AB1183 /* Assets.xcassets */; };
		CA9522E41F5D535600AB1183 /* LaunchScreen.storyboard in Resources */ = {isa = PBXBuildFile; fileRef = CA9522E21F5D535600AB1183 /* LaunchScreen.storyboard */; };
		CA9522EF1F5D535600AB1183 /* MyTwitterUITests.swift in Sources */ = {isa = PBXBuildFile; fileRef = CA9522EE1F5D535600AB1183 /* MyTwitterUITests.swift */; };
		CA9522FF1F5D59DD00AB1183 /* MTTViewController.swift in Sources */ = {isa = PBXBuildFile; fileRef = CA9522FE1F5D59DD00AB1183 /* MTTViewController.swift */; };
		CA9523011F5D5A2F00AB1183 /* RegisterStartViewController.swift in Sources */ = {isa = PBXBuildFile; fileRef = CA9523001F5D5A2F00AB1183 /* RegisterStartViewController.swift */; };
		CA9523031F5D5A5400AB1183 /* MTTNavigationController.swift in Sources */ = {isa = PBXBuildFile; fileRef = CA9523021F5D5A5400AB1183 /* MTTNavigationController.swift */; };
		CA9523051F5D5A6C00AB1183 /* MTTTabBarController.swift in Sources */ = {isa = PBXBuildFile; fileRef = CA9523041F5D5A6C00AB1183 /* MTTTabBarController.swift */; };
/* End PBXBuildFile section */

/* Begin PBXContainerItemProxy section */
		CA9522EB1F5D535600AB1183 /* PBXContainerItemProxy */ = {
			isa = PBXContainerItemProxy;
			containerPortal = CA9522CE1F5D535600AB1183 /* Project object */;
			proxyType = 1;
			remoteGlobalIDString = CA9522D51F5D535600AB1183;
			remoteInfo = MyTwitter;
		};
/* End PBXContainerItemProxy section */

/* Begin PBXFileReference section */
		0BF0F6CC1A62E6EA78A8F347 /* Pods_MyTwitterUITests.framework */ = {isa = PBXFileReference; explicitFileType = wrapper.framework; includeInIndex = 0; path = Pods_MyTwitterUITests.framework; sourceTree = BUILT_PRODUCTS_DIR; };
		68D17614F1EC8D4EAD2273B7 /* Pods-MyTwitterUITests.debug.xcconfig */ = {isa = PBXFileReference; includeInIndex = 1; lastKnownFileType = text.xcconfig; name = "Pods-MyTwitterUITests.debug.xcconfig"; path = "Pods/Target Support Files/Pods-MyTwitterUITests/Pods-MyTwitterUITests.debug.xcconfig"; sourceTree = "<group>"; };
		6E8ACCEB41AD4EB8BC3E5288 /* Pods-MyTwitter.release.xcconfig */ = {isa = PBXFileReference; includeInIndex = 1; lastKnownFileType = text.xcconfig; name = "Pods-MyTwitter.release.xcconfig"; path = "Pods/Target Support Files/Pods-MyTwitter/Pods-MyTwitter.release.xcconfig"; sourceTree = "<group>"; };
		7A3934C48576DFC869BDE54A /* Pods-MyTwitterUITests.release.xcconfig */ = {isa = PBXFileReference; includeInIndex = 1; lastKnownFileType = text.xcconfig; name = "Pods-MyTwitterUITests.release.xcconfig"; path = "Pods/Target Support Files/Pods-MyTwitterUITests/Pods-MyTwitterUITests.release.xcconfig"; sourceTree = "<group>"; };
		CA9522D61F5D535600AB1183 /* MyTwitter.app */ = {isa = PBXFileReference; explicitFileType = wrapper.application; includeInIndex = 0; path = MyTwitter.app; sourceTree = BUILT_PRODUCTS_DIR; };
		CA9522D91F5D535600AB1183 /* AppDelegate.swift */ = {isa = PBXFileReference; lastKnownFileType = sourcecode.swift; path = AppDelegate.swift; sourceTree = "<group>"; };
		CA9522DB1F5D535600AB1183 /* ViewController.swift */ = {isa = PBXFileReference; lastKnownFileType = sourcecode.swift; path = ViewController.swift; sourceTree = "<group>"; };
		CA9522DE1F5D535600AB1183 /* Base */ = {isa = PBXFileReference; lastKnownFileType = file.storyboard; name = Base; path = Base.lproj/Main.storyboard; sourceTree = "<group>"; };
		CA9522E01F5D535600AB1183 /* Assets.xcassets */ = {isa = PBXFileReference; lastKnownFileType = folder.assetcatalog; path = Assets.xcassets; sourceTree = "<group>"; };
		CA9522E31F5D535600AB1183 /* Base */ = {isa = PBXFileReference; lastKnownFileType = file.storyboard; name = Base; path = Base.lproj/LaunchScreen.storyboard; sourceTree = "<group>"; };
		CA9522E51F5D535600AB1183 /* Info.plist */ = {isa = PBXFileReference; lastKnownFileType = text.plist.xml; path = Info.plist; sourceTree = "<group>"; };
		CA9522EA1F5D535600AB1183 /* MyTwitterUITests.xctest */ = {isa = PBXFileReference; explicitFileType = wrapper.cfbundle; includeInIndex = 0; path = MyTwitterUITests.xctest; sourceTree = BUILT_PRODUCTS_DIR; };
		CA9522EE1F5D535600AB1183 /* MyTwitterUITests.swift */ = {isa = PBXFileReference; lastKnownFileType = sourcecode.swift; path = MyTwitterUITests.swift; sourceTree = "<group>"; };
		CA9522F01F5D535600AB1183 /* Info.plist */ = {isa = PBXFileReference; lastKnownFileType = text.plist.xml; path = Info.plist; sourceTree = "<group>"; };
		CA9522FE1F5D59DD00AB1183 /* MTTViewController.swift */ = {isa = PBXFileReference; lastKnownFileType = sourcecode.swift; path = MTTViewController.swift; sourceTree = "<group>"; };
		CA9523001F5D5A2F00AB1183 /* RegisterStartViewController.swift */ = {isa = PBXFileReference; lastKnownFileType = sourcecode.swift; path = RegisterStartViewController.swift; sourceTree = "<group>"; };
		CA9523021F5D5A5400AB1183 /* MTTNavigationController.swift */ = {isa = PBXFileReference; lastKnownFileType = sourcecode.swift; path = MTTNavigationController.swift; sourceTree = "<group>"; };
		CA9523041F5D5A6C00AB1183 /* MTTTabBarController.swift */ = {isa = PBXFileReference; lastKnownFileType = sourcecode.swift; path = MTTTabBarController.swift; sourceTree = "<group>"; };
		CE036FF637CEB31DCC649811 /* Pods_MyTwitter.framework */ = {isa = PBXFileReference; explicitFileType = wrapper.framework; includeInIndex = 0; path = Pods_MyTwitter.framework; sourceTree = BUILT_PRODUCTS_DIR; };
		E26E0E702DC21DAD7B6DA9D0 /* Pods-MyTwitter.debug.xcconfig */ = {isa = PBXFileReference; includeInIndex = 1; lastKnownFileType = text.xcconfig; name = "Pods-MyTwitter.debug.xcconfig"; path = "Pods/Target Support Files/Pods-MyTwitter/Pods-MyTwitter.debug.xcconfig"; sourceTree = "<group>"; };
/* End PBXFileReference section */

/* Begin PBXFrameworksBuildPhase section */
		CA9522D31F5D535600AB1183 /* Frameworks */ = {
			isa = PBXFrameworksBuildPhase;
			buildActionMask = 2147483647;
			files = (
				1236A11D37906FE9351A32A7 /* Pods_MyTwitter.framework in Frameworks */,
			);
			runOnlyForDeploymentPostprocessing = 0;
		};
		CA9522E71F5D535600AB1183 /* Frameworks */ = {
			isa = PBXFrameworksBuildPhase;
			buildActionMask = 2147483647;
			files = (
				25895C513C5B4C981C3CBB34 /* Pods_MyTwitterUITests.framework in Frameworks */,
			);
			runOnlyForDeploymentPostprocessing = 0;
		};
/* End PBXFrameworksBuildPhase section */

/* Begin PBXGroup section */
		177B6EC44AC718CC082C2A9C /* Pods */ = {
			isa = PBXGroup;
			children = (
				E26E0E702DC21DAD7B6DA9D0 /* Pods-MyTwitter.debug.xcconfig */,
				6E8ACCEB41AD4EB8BC3E5288 /* Pods-MyTwitter.release.xcconfig */,
				68D17614F1EC8D4EAD2273B7 /* Pods-MyTwitterUITests.debug.xcconfig */,
				7A3934C48576DFC869BDE54A /* Pods-MyTwitterUITests.release.xcconfig */,
			);
			name = Pods;
			sourceTree = "<group>";
		};
		357E75F9D63EBEE6591F795E /* Frameworks */ = {
			isa = PBXGroup;
			children = (
				CE036FF637CEB31DCC649811 /* Pods_MyTwitter.framework */,
				0BF0F6CC1A62E6EA78A8F347 /* Pods_MyTwitterUITests.framework */,
			);
			name = Frameworks;
			sourceTree = "<group>";
		};
		CA9522CD1F5D535600AB1183 = {
			isa = PBXGroup;
			children = (
				CA9522D81F5D535600AB1183 /* MyTwitter */,
				CA9522ED1F5D535600AB1183 /* MyTwitterUITests */,
				CA9522D71F5D535600AB1183 /* Products */,
				177B6EC44AC718CC082C2A9C /* Pods */,
				357E75F9D63EBEE6591F795E /* Frameworks */,
			);
			sourceTree = "<group>";
		};
		CA9522D71F5D535600AB1183 /* Products */ = {
			isa = PBXGroup;
			children = (
				CA9522D61F5D535600AB1183 /* MyTwitter.app */,
				CA9522EA1F5D535600AB1183 /* MyTwitterUITests.xctest */,
			);
			name = Products;
			sourceTree = "<group>";
		};
		CA9522D81F5D535600AB1183 /* MyTwitter */ = {
			isa = PBXGroup;
			children = (
				CA9522FC1F5D572700AB1183 /* Main */,
				CA9522FA1F5D566400AB1183 /* Modules */,
				CA9522F91F5D53F600AB1183 /* Common */,
			);
			path = MyTwitter;
			sourceTree = "<group>";
		};
		CA9522ED1F5D535600AB1183 /* MyTwitterUITests */ = {
			isa = PBXGroup;
			children = (
				CA9522EE1F5D535600AB1183 /* MyTwitterUITests.swift */,
				CA9522F01F5D535600AB1183 /* Info.plist */,
			);
			path = MyTwitterUITests;
			sourceTree = "<group>";
		};
		CA9522F91F5D53F600AB1183 /* Common */ = {
			isa = PBXGroup;
			children = (
				CA9522FD1F5D59B200AB1183 /* Base */,
			);
			path = Common;
			sourceTree = "<group>";
		};
		CA9522FA1F5D566400AB1183 /* Modules */ = {
			isa = PBXGroup;
			children = (
				CA9522FB1F5D569E00AB1183 /* Register&Login(登录注册) */,
			);
			path = Modules;
			sourceTree = "<group>";
		};
		CA9522FB1F5D569E00AB1183 /* Register&Login(登录注册) */ = {
			isa = PBXGroup;
			children = (
				CA9523001F5D5A2F00AB1183 /* RegisterStartViewController.swift */,
			);
			path = "Register&Login(登录注册)";
			sourceTree = "<group>";
		};
		CA9522FC1F5D572700AB1183 /* Main */ = {
			isa = PBXGroup;
			children = (
				CA9522E51F5D535600AB1183 /* Info.plist */,
				CA9522D91F5D535600AB1183 /* AppDelegate.swift */,
				CA9522DB1F5D535600AB1183 /* ViewController.swift */,
				CA9522DD1F5D535600AB1183 /* Main.storyboard */,
				CA9522E01F5D535600AB1183 /* Assets.xcassets */,
				CA9522E21F5D535600AB1183 /* LaunchScreen.storyboard */,
			);
			path = Main;
			sourceTree = "<group>";
		};
		CA9522FD1F5D59B200AB1183 /* Base */ = {
			isa = PBXGroup;
			children = (
				CA9522FE1F5D59DD00AB1183 /* MTTViewController.swift */,
				CA9523021F5D5A5400AB1183 /* MTTNavigationController.swift */,
				CA9523041F5D5A6C00AB1183 /* MTTTabBarController.swift */,
			);
			path = Base;
			sourceTree = "<group>";
		};
/* End PBXGroup section */

/* Begin PBXNativeTarget section */
		CA9522D51F5D535600AB1183 /* MyTwitter */ = {
			isa = PBXNativeTarget;
			buildConfigurationList = CA9522F31F5D535600AB1183 /* Build configuration list for PBXNativeTarget "MyTwitter" */;
			buildPhases = (
				2FE563FE602B383A18257CE8 /* [CP] Check Pods Manifest.lock */,
				CA9522D21F5D535600AB1183 /* Sources */,
				CA9522D31F5D535600AB1183 /* Frameworks */,
				CA9522D41F5D535600AB1183 /* Resources */,
				55825939767788EED05510C1 /* [CP] Embed Pods Frameworks */,
				F38553CC82B6AE5B2F3247F9 /* [CP] Copy Pods Resources */,
			);
			buildRules = (
			);
			dependencies = (
			);
			name = MyTwitter;
			productName = MyTwitter;
			productReference = CA9522D61F5D535600AB1183 /* MyTwitter.app */;
			productType = "com.apple.product-type.application";
		};
		CA9522E91F5D535600AB1183 /* MyTwitterUITests */ = {
			isa = PBXNativeTarget;
			buildConfigurationList = CA9522F61F5D535600AB1183 /* Build configuration list for PBXNativeTarget "MyTwitterUITests" */;
			buildPhases = (
				DE910023CA788FA61FDF66AC /* [CP] Check Pods Manifest.lock */,
				CA9522E61F5D535600AB1183 /* Sources */,
				CA9522E71F5D535600AB1183 /* Frameworks */,
				CA9522E81F5D535600AB1183 /* Resources */,
				88C4FD6DC566AF9C2FBFE69E /* [CP] Embed Pods Frameworks */,
				B5948C4EA7D8241EA59AB54F /* [CP] Copy Pods Resources */,
			);
			buildRules = (
			);
			dependencies = (
				CA9522EC1F5D535600AB1183 /* PBXTargetDependency */,
			);
			name = MyTwitterUITests;
			productName = MyTwitterUITests;
			productReference = CA9522EA1F5D535600AB1183 /* MyTwitterUITests.xctest */;
			productType = "com.apple.product-type.bundle.ui-testing";
		};
/* End PBXNativeTarget section */

/* Begin PBXProject section */
		CA9522CE1F5D535600AB1183 /* Project object */ = {
			isa = PBXProject;
			attributes = {
				LastSwiftUpdateCheck = 0900;
				LastUpgradeCheck = 0900;
				ORGANIZATIONNAME = waitWalker;
				TargetAttributes = {
					CA9522D51F5D535600AB1183 = {
						CreatedOnToolsVersion = 9.0;
						ProvisioningStyle = Automatic;
					};
					CA9522E91F5D535600AB1183 = {
						CreatedOnToolsVersion = 9.0;
						ProvisioningStyle = Automatic;
						TestTargetID = CA9522D51F5D535600AB1183;
					};
				};
			};
			buildConfigurationList = CA9522D11F5D535600AB1183 /* Build configuration list for PBXProject "MyTwitter" */;
			compatibilityVersion = "Xcode 8.0";
			developmentRegion = en;
			hasScannedForEncodings = 0;
			knownRegions = (
				en,
				Base,
			);
			mainGroup = CA9522CD1F5D535600AB1183;
			productRefGroup = CA9522D71F5D535600AB1183 /* Products */;
			projectDirPath = "";
			projectRoot = "";
			targets = (
				CA9522D51F5D535600AB1183 /* MyTwitter */,
				CA9522E91F5D535600AB1183 /* MyTwitterUITests */,
			);
		};
/* End PBXProject section */

/* Begin PBXResourcesBuildPhase section */
		CA9522D41F5D535600AB1183 /* Resources */ = {
			isa = PBXResourcesBuildPhase;
			buildActionMask = 2147483647;
			files = (
				CA9522E41F5D535600AB1183 /* LaunchScreen.storyboard in Resources */,
				CA9522E11F5D535600AB1183 /* Assets.xcassets in Resources */,
				CA9522DF1F5D535600AB1183 /* Main.storyboard in Resources */,
			);
			runOnlyForDeploymentPostprocessing = 0;
		};
		CA9522E81F5D535600AB1183 /* Resources */ = {
			isa = PBXResourcesBuildPhase;
			buildActionMask = 2147483647;
			files = (
			);
			runOnlyForDeploymentPostprocessing = 0;
		};
/* End PBXResourcesBuildPhase section */

/* Begin PBXShellScriptBuildPhase section */
		2FE563FE602B383A18257CE8 /* [CP] Check Pods Manifest.lock */ = {
			isa = PBXShellScriptBuildPhase;
			buildActionMask = 2147483647;
			files = (
			);
			inputPaths = (
			);
			name = "[CP] Check Pods Manifest.lock";
			outputPaths = (
			);
			runOnlyForDeploymentPostprocessing = 0;
			shellPath = /bin/sh;
			shellScript = "diff \"${PODS_PODFILE_DIR_PATH}/Podfile.lock\" \"${PODS_ROOT}/Manifest.lock\" > /dev/null\nif [ $? != 0 ] ; then\n    # print error to STDERR\n    echo \"error: The sandbox is not in sync with the Podfile.lock. Run 'pod install' or update your CocoaPods installation.\" >&2\n    exit 1\nfi\n";
			showEnvVarsInLog = 0;
		};
		55825939767788EED05510C1 /* [CP] Embed Pods Frameworks */ = {
			isa = PBXShellScriptBuildPhase;
			buildActionMask = 2147483647;
			files = (
			);
			inputPaths = (
			);
			name = "[CP] Embed Pods Frameworks";
			outputPaths = (
			);
			runOnlyForDeploymentPostprocessing = 0;
			shellPath = /bin/sh;
			shellScript = "\"${SRCROOT}/Pods/Target Support Files/Pods-MyTwitter/Pods-MyTwitter-frameworks.sh\"\n";
			showEnvVarsInLog = 0;
		};
		88C4FD6DC566AF9C2FBFE69E /* [CP] Embed Pods Frameworks */ = {
			isa = PBXShellScriptBuildPhase;
			buildActionMask = 2147483647;
			files = (
			);
			inputPaths = (
			);
			name = "[CP] Embed Pods Frameworks";
			outputPaths = (
			);
			runOnlyForDeploymentPostprocessing = 0;
			shellPath = /bin/sh;
			shellScript = "\"${SRCROOT}/Pods/Target Support Files/Pods-MyTwitterUITests/Pods-MyTwitterUITests-frameworks.sh\"\n";
			showEnvVarsInLog = 0;
		};
		B5948C4EA7D8241EA59AB54F /* [CP] Copy Pods Resources */ = {
			isa = PBXShellScriptBuildPhase;
			buildActionMask = 2147483647;
			files = (
			);
			inputPaths = (
			);
			name = "[CP] Copy Pods Resources";
			outputPaths = (
			);
			runOnlyForDeploymentPostprocessing = 0;
			shellPath = /bin/sh;
			shellScript = "\"${SRCROOT}/Pods/Target Support Files/Pods-MyTwitterUITests/Pods-MyTwitterUITests-resources.sh\"\n";
			showEnvVarsInLog = 0;
		};
		DE910023CA788FA61FDF66AC /* [CP] Check Pods Manifest.lock */ = {
			isa = PBXShellScriptBuildPhase;
			buildActionMask = 2147483647;
			files = (
			);
			inputPaths = (
			);
			name = "[CP] Check Pods Manifest.lock";
			outputPaths = (
			);
			runOnlyForDeploymentPostprocessing = 0;
			shellPath = /bin/sh;
			shellScript = "diff \"${PODS_PODFILE_DIR_PATH}/Podfile.lock\" \"${PODS_ROOT}/Manifest.lock\" > /dev/null\nif [ $? != 0 ] ; then\n    # print error to STDERR\n    echo \"error: The sandbox is not in sync with the Podfile.lock. Run 'pod install' or update your CocoaPods installation.\" >&2\n    exit 1\nfi\n";
			showEnvVarsInLog = 0;
		};
		F38553CC82B6AE5B2F3247F9 /* [CP] Copy Pods Resources */ = {
			isa = PBXShellScriptBuildPhase;
			buildActionMask = 2147483647;
			files = (
			);
			inputPaths = (
			);
			name = "[CP] Copy Pods Resources";
			outputPaths = (
			);
			runOnlyForDeploymentPostprocessing = 0;
			shellPath = /bin/sh;
			shellScript = "\"${SRCROOT}/Pods/Target Support Files/Pods-MyTwitter/Pods-MyTwitter-resources.sh\"\n";
			showEnvVarsInLog = 0;
		};
/* End PBXShellScriptBuildPhase section */

/* Begin PBXSourcesBuildPhase section */
		CA9522D21F5D535600AB1183 /* Sources */ = {
			isa = PBXSourcesBuildPhase;
			buildActionMask = 2147483647;
			files = (
				CA9522DC1F5D535600AB1183 /* ViewController.swift in Sources */,
				CA9522FF1F5D59DD00AB1183 /* MTTViewController.swift in Sources */,
				CA9523031F5D5A5400AB1183 /* MTTNavigationController.swift in Sources */,
				CA9523011F5D5A2F00AB1183 /* RegisterStartViewController.swift in Sources */,
				CA9522DA1F5D535600AB1183 /* AppDelegate.swift in Sources */,
				CA9523051F5D5A6C00AB1183 /* MTTTabBarController.swift in Sources */,
			);
			runOnlyForDeploymentPostprocessing = 0;
		};
		CA9522E61F5D535600AB1183 /* Sources */ = {
			isa = PBXSourcesBuildPhase;
			buildActionMask = 2147483647;
			files = (
				CA9522EF1F5D535600AB1183 /* MyTwitterUITests.swift in Sources */,
			);
			runOnlyForDeploymentPostprocessing = 0;
		};
/* End PBXSourcesBuildPhase section */

/* Begin PBXTargetDependency section */
		CA9522EC1F5D535600AB1183 /* PBXTargetDependency */ = {
			isa = PBXTargetDependency;
			target = CA9522D51F5D535600AB1183 /* MyTwitter */;
			targetProxy = CA9522EB1F5D535600AB1183 /* PBXContainerItemProxy */;
		};
/* End PBXTargetDependency section */

/* Begin PBXVariantGroup section */
		CA9522DD1F5D535600AB1183 /* Main.storyboard */ = {
			isa = PBXVariantGroup;
			children = (
				CA9522DE1F5D535600AB1183 /* Base */,
			);
			name = Main.storyboard;
			sourceTree = "<group>";
		};
		CA9522E21F5D535600AB1183 /* LaunchScreen.storyboard */ = {
			isa = PBXVariantGroup;
			children = (
				CA9522E31F5D535600AB1183 /* Base */,
			);
			name = LaunchScreen.storyboard;
			sourceTree = "<group>";
		};
/* End PBXVariantGroup section */

/* Begin XCBuildConfiguration section */
		CA9522F11F5D535600AB1183 /* Debug */ = {
			isa = XCBuildConfiguration;
			buildSettings = {
				ALWAYS_SEARCH_USER_PATHS = NO;
				CLANG_ANALYZER_NONNULL = YES;
				CLANG_ANALYZER_NUMBER_OBJECT_CONVERSION = YES_AGGRESSIVE;
				CLANG_CXX_LANGUAGE_STANDARD = "gnu++14";
				CLANG_CXX_LIBRARY = "libc++";
				CLANG_ENABLE_MODULES = YES;
				CLANG_ENABLE_OBJC_ARC = YES;
				CLANG_WARN_BLOCK_CAPTURE_AUTORELEASING = YES;
				CLANG_WARN_BOOL_CONVERSION = YES;
				CLANG_WARN_COMMA = YES;
				CLANG_WARN_CONSTANT_CONVERSION = YES;
				CLANG_WARN_DIRECT_OBJC_ISA_USAGE = YES_ERROR;
				CLANG_WARN_DOCUMENTATION_COMMENTS = YES;
				CLANG_WARN_EMPTY_BODY = YES;
				CLANG_WARN_ENUM_CONVERSION = YES;
				CLANG_WARN_INFINITE_RECURSION = YES;
				CLANG_WARN_INT_CONVERSION = YES;
				CLANG_WARN_NON_LITERAL_NULL_CONVERSION = YES;
				CLANG_WARN_OBJC_LITERAL_CONVERSION = YES;
				CLANG_WARN_OBJC_ROOT_CLASS = YES_ERROR;
				CLANG_WARN_RANGE_LOOP_ANALYSIS = YES;
				CLANG_WARN_STRICT_PROTOTYPES = YES;
				CLANG_WARN_SUSPICIOUS_MOVE = YES;
				CLANG_WARN_UNGUARDED_AVAILABILITY = YES_AGGRESSIVE;
				CLANG_WARN_UNREACHABLE_CODE = YES;
				CLANG_WARN__DUPLICATE_METHOD_MATCH = YES;
				CODE_SIGN_IDENTITY = "iPhone Developer";
				COPY_PHASE_STRIP = NO;
				DEBUG_INFORMATION_FORMAT = dwarf;
				ENABLE_STRICT_OBJC_MSGSEND = YES;
				ENABLE_TESTABILITY = YES;
				GCC_C_LANGUAGE_STANDARD = gnu11;
				GCC_DYNAMIC_NO_PIC = NO;
				GCC_NO_COMMON_BLOCKS = YES;
				GCC_OPTIMIZATION_LEVEL = 0;
				GCC_PREPROCESSOR_DEFINITIONS = (
					"DEBUG=1",
					"$(inherited)",
				);
				GCC_WARN_64_TO_32_BIT_CONVERSION = YES;
				GCC_WARN_ABOUT_RETURN_TYPE = YES_ERROR;
				GCC_WARN_UNDECLARED_SELECTOR = YES;
				GCC_WARN_UNINITIALIZED_AUTOS = YES_AGGRESSIVE;
				GCC_WARN_UNUSED_FUNCTION = YES;
				GCC_WARN_UNUSED_VARIABLE = YES;
				IPHONEOS_DEPLOYMENT_TARGET = 11.0;
				MTL_ENABLE_DEBUG_INFO = YES;
				ONLY_ACTIVE_ARCH = YES;
				SDKROOT = iphoneos;
				SWIFT_ACTIVE_COMPILATION_CONDITIONS = DEBUG;
				SWIFT_OPTIMIZATION_LEVEL = "-Onone";
			};
			name = Debug;
		};
		CA9522F21F5D535600AB1183 /* Release */ = {
			isa = XCBuildConfiguration;
			buildSettings = {
				ALWAYS_SEARCH_USER_PATHS = NO;
				CLANG_ANALYZER_NONNULL = YES;
				CLANG_ANALYZER_NUMBER_OBJECT_CONVERSION = YES_AGGRESSIVE;
				CLANG_CXX_LANGUAGE_STANDARD = "gnu++14";
				CLANG_CXX_LIBRARY = "libc++";
				CLANG_ENABLE_MODULES = YES;
				CLANG_ENABLE_OBJC_ARC = YES;
				CLANG_WARN_BLOCK_CAPTURE_AUTORELEASING = YES;
				CLANG_WARN_BOOL_CONVERSION = YES;
				CLANG_WARN_COMMA = YES;
				CLANG_WARN_CONSTANT_CONVERSION = YES;
				CLANG_WARN_DIRECT_OBJC_ISA_USAGE = YES_ERROR;
				CLANG_WARN_DOCUMENTATION_COMMENTS = YES;
				CLANG_WARN_EMPTY_BODY = YES;
				CLANG_WARN_ENUM_CONVERSION = YES;
				CLANG_WARN_INFINITE_RECURSION = YES;
				CLANG_WARN_INT_CONVERSION = YES;
				CLANG_WARN_NON_LITERAL_NULL_CONVERSION = YES;
				CLANG_WARN_OBJC_LITERAL_CONVERSION = YES;
				CLANG_WARN_OBJC_ROOT_CLASS = YES_ERROR;
				CLANG_WARN_RANGE_LOOP_ANALYSIS = YES;
				CLANG_WARN_STRICT_PROTOTYPES = YES;
				CLANG_WARN_SUSPICIOUS_MOVE = YES;
				CLANG_WARN_UNGUARDED_AVAILABILITY = YES_AGGRESSIVE;
				CLANG_WARN_UNREACHABLE_CODE = YES;
				CLANG_WARN__DUPLICATE_METHOD_MATCH = YES;
				CODE_SIGN_IDENTITY = "iPhone Developer";
				COPY_PHASE_STRIP = NO;
				DEBUG_INFORMATION_FORMAT = "dwarf-with-dsym";
				ENABLE_NS_ASSERTIONS = NO;
				ENABLE_STRICT_OBJC_MSGSEND = YES;
				GCC_C_LANGUAGE_STANDARD = gnu11;
				GCC_NO_COMMON_BLOCKS = YES;
				GCC_WARN_64_TO_32_BIT_CONVERSION = YES;
				GCC_WARN_ABOUT_RETURN_TYPE = YES_ERROR;
				GCC_WARN_UNDECLARED_SELECTOR = YES;
				GCC_WARN_UNINITIALIZED_AUTOS = YES_AGGRESSIVE;
				GCC_WARN_UNUSED_FUNCTION = YES;
				GCC_WARN_UNUSED_VARIABLE = YES;
				IPHONEOS_DEPLOYMENT_TARGET = 11.0;
				MTL_ENABLE_DEBUG_INFO = NO;
				SDKROOT = iphoneos;
				SWIFT_OPTIMIZATION_LEVEL = "-Owholemodule";
				VALIDATE_PRODUCT = YES;
			};
			name = Release;
		};
		CA9522F41F5D535600AB1183 /* Debug */ = {
			isa = XCBuildConfiguration;
			baseConfigurationReference = E26E0E702DC21DAD7B6DA9D0 /* Pods-MyTwitter.debug.xcconfig */;
			buildSettings = {
				ASSETCATALOG_COMPILER_APPICON_NAME = AppIcon;
				CODE_SIGN_STYLE = Automatic;
				DEVELOPMENT_TEAM = N5ZJ5W7ZL3;
				INFOPLIST_FILE = MyTwitter/Main/Info.plist;
				IPHONEOS_DEPLOYMENT_TARGET = 9.0;
				LD_RUNPATH_SEARCH_PATHS = "$(inherited) @executable_path/Frameworks";
				PRODUCT_BUNDLE_IDENTIFIER = com.etiantian.MyTwitter;
				PRODUCT_NAME = "$(TARGET_NAME)";
				SWIFT_VERSION = 4.0;
				TARGETED_DEVICE_FAMILY = "1,2";
			};
			name = Debug;
		};
		CA9522F51F5D535600AB1183 /* Release */ = {
			isa = XCBuildConfiguration;
			baseConfigurationReference = 6E8ACCEB41AD4EB8BC3E5288 /* Pods-MyTwitter.release.xcconfig */;
			buildSettings = {
				ASSETCATALOG_COMPILER_APPICON_NAME = AppIcon;
				CODE_SIGN_STYLE = Automatic;
				DEVELOPMENT_TEAM = N5ZJ5W7ZL3;
				INFOPLIST_FILE = MyTwitter/Main/Info.plist;
				IPHONEOS_DEPLOYMENT_TARGET = 9.0;
				LD_RUNPATH_SEARCH_PATHS = "$(inherited) @executable_path/Frameworks";
				PRODUCT_BUNDLE_IDENTIFIER = com.etiantian.MyTwitter;
				PRODUCT_NAME = "$(TARGET_NAME)";
				SWIFT_VERSION = 4.0;
				TARGETED_DEVICE_FAMILY = "1,2";
			};
			name = Release;
		};
		CA9522F71F5D535600AB1183 /* Debug */ = {
			isa = XCBuildConfiguration;
			baseConfigurationReference = 68D17614F1EC8D4EAD2273B7 /* Pods-MyTwitterUITests.debug.xcconfig */;
			buildSettings = {
				ALWAYS_EMBED_SWIFT_STANDARD_LIBRARIES = YES;
				CODE_SIGN_STYLE = Automatic;
				DEVELOPMENT_TEAM = N5ZJ5W7ZL3;
				INFOPLIST_FILE = MyTwitterUITests/Info.plist;
				LD_RUNPATH_SEARCH_PATHS = "$(inherited) @executable_path/Frameworks @loader_path/Frameworks";
				PRODUCT_BUNDLE_IDENTIFIER = com.etiantian.MyTwitterUITests;
				PRODUCT_NAME = "$(TARGET_NAME)";
				SWIFT_VERSION = 4.0;
				TARGETED_DEVICE_FAMILY = "1,2";
				TEST_TARGET_NAME = MyTwitter;
			};
			name = Debug;
		};
		CA9522F81F5D535600AB1183 /* Release */ = {
			isa = XCBuildConfiguration;
			baseConfigurationReference = 7A3934C48576DFC869BDE54A /* Pods-MyTwitterUITests.release.xcconfig */;
			buildSettings = {
				ALWAYS_EMBED_SWIFT_STANDARD_LIBRARIES = YES;
				CODE_SIGN_STYLE = Automatic;
				DEVELOPMENT_TEAM = N5ZJ5W7ZL3;
				INFOPLIST_FILE = MyTwitterUITests/Info.plist;
				LD_RUNPATH_SEARCH_PATHS = "$(inherited) @executable_path/Frameworks @loader_path/Frameworks";
				PRODUCT_BUNDLE_IDENTIFIER = com.etiantian.MyTwitterUITests;
				PRODUCT_NAME = "$(TARGET_NAME)";
				SWIFT_VERSION = 4.0;
				TARGETED_DEVICE_FAMILY = "1,2";
				TEST_TARGET_NAME = MyTwitter;
			};
			name = Release;
		};
/* End XCBuildConfiguration section */

/* Begin XCConfigurationList section */
		CA9522D11F5D535600AB1183 /* Build configuration list for PBXProject "MyTwitter" */ = {
			isa = XCConfigurationList;
			buildConfigurations = (
				CA9522F11F5D535600AB1183 /* Debug */,
				CA9522F21F5D535600AB1183 /* Release */,
			);
			defaultConfigurationIsVisible = 0;
			defaultConfigurationName = Release;
		};
		CA9522F31F5D535600AB1183 /* Build configuration list for PBXNativeTarget "MyTwitter" */ = {
			isa = XCConfigurationList;
			buildConfigurations = (
				CA9522F41F5D535600AB1183 /* Debug */,
				CA9522F51F5D535600AB1183 /* Release */,
			);
			defaultConfigurationIsVisible = 0;
			defaultConfigurationName = Release;
		};
		CA9522F61F5D535600AB1183 /* Build configuration list for PBXNativeTarget "MyTwitterUITests" */ = {
			isa = XCConfigurationList;
			buildConfigurations = (
				CA9522F71F5D535600AB1183 /* Debug */,
				CA9522F81F5D535600AB1183 /* Release */,
			);
			defaultConfigurationIsVisible = 0;
			defaultConfigurationName = Release;
		};
/* End XCConfigurationList section */
	};
	rootObject = CA9522CE1F5D535600AB1183 /* Project object */;
}
